
Microsoft Visual Studio Solution File, Format Version 12.00
# Visual Studio Version 16
VisualStudioVersion = 16.0.31019.35
MinimumVisualStudioVersion = 10.0.40219.1
Project("{9A19103F-16F7-4668-BE54-9A1E7A4F7556}") = "DataAccess", "DataAccess\DataAccess.csproj", "{85952B37-C46D-46DA-B2D9-E629F3348DB1}"
EndProject
Project("{9A19103F-16F7-4668-BE54-9A1E7A4F7556}") = "Business", "Business\Business.csproj", "{CEF84BF8-1484-4280-B580-A163C04974E9}"
EndProject
Project("{9A19103F-16F7-4668-BE54-9A1E7A4F7556}") = "Entities", "Entities\Entities.csproj", "{AEB1CD84-9F0A-427B-8DD7-CF83887F89D9}"
EndProject
Project("{9A19103F-16F7-4668-BE54-9A1E7A4F7556}") = "ConsoleUI", "ConsoleUI\ConsoleUI.csproj", "{9AFAA3EE-EC16-405B-9384-F025DB5216DE}"
EndProject
Project("{FAE04EC0-301F-11D3-BF4B-00C04F79EFBC}") = "Core", "Core\Core.csproj", "{FA7933E1-917F-43C1-B8FB-B9769C014165}"
EndProject
Global
	GlobalSection(SolutionConfigurationPlatforms) = preSolution
		Debug|Any CPU = Debug|Any CPU
		Release|Any CPU = Release|Any CPU
	EndGlobalSection
	GlobalSection(ProjectConfigurationPlatforms) = postSolution
		{85952B37-C46D-46DA-B2D9-E629F3348DB1}.Debug|Any CPU.ActiveCfg = Debug|Any CPU
		{85952B37-C46D-46DA-B2D9-E629F3348DB1}.Debug|Any CPU.Build.0 = Debug|Any CPU
		{85952B37-C46D-46DA-B2D9-E629F3348DB1}.Release|Any CPU.ActiveCfg = Release|Any CPU
		{85952B37-C46D-46DA-B2D9-E629F3348DB1}.Release|Any CPU.Build.0 = Release|Any CPU
		{CEF84BF8-1484-4280-B580-A163C04974E9}.Debug|Any CPU.ActiveCfg = Debug|Any CPU
		{CEF84BF8-1484-4280-B580-A163C04974E9}.Debug|Any CPU.Build.0 = Debug|Any CPU
		{CEF84BF8-1484-4280-B580-A163C04974E9}.Release|Any CPU.ActiveCfg = Release|Any CPU
		{CEF84BF8-1484-4280-B580-A163C04974E9}.Release|Any CPU.Build.0 = Release|Any CPU
		{AEB1CD84-9F0A-427B-8DD7-CF83887F89D9}.Debug|Any CPU.ActiveCfg = Debug|Any CPU
		{AEB1CD84-9F0A-427B-8DD7-CF83887F89D9}.Debug|Any CPU.Build.0 = Debug|Any CPU
		{AEB1CD84-9F0A-427B-8DD7-CF83887F89D9}.Release|Any CPU.ActiveCfg = Release|Any CPU
		{AEB1CD84-9F0A-427B-8DD7-CF83887F89D9}.Release|Any CPU.Build.0 = Release|Any CPU
		{9AFAA3EE-EC16-405B-9384-F025DB5216DE}.Debug|Any CPU.ActiveCfg = Debug|Any CPU
		{9AFAA3EE-EC16-405B-9384-F025DB5216DE}.Debug|Any CPU.Build.0 = Debug|Any CPU
		{9AFAA3EE-EC16-405B-9384-F025DB5216DE}.Release|Any CPU.ActiveCfg = Release|Any CPU
		{9AFAA3EE-EC16-405B-9384-F025DB5216DE}.Release|Any CPU.Build.0 = Release|Any CPU
		{FA7933E1-917F-43C1-B8FB-B9769C014165}.Debug|Any CPU.ActiveCfg = Debug|Any CPU
		{FA7933E1-917F-43C1-B8FB-B9769C014165}.Debug|Any CPU.Build.0 = Debug|Any CPU
		{FA7933E1-917F-43C1-B8FB-B9769C014165}.Release|Any CPU.ActiveCfg = Release|Any CPU
		{FA7933E1-917F-43C1-B8FB-B9769C014165}.Release|Any CPU.Build.0 = Release|Any CPU
	EndGlobalSection
	GlobalSection(SolutionProperties) = preSolution
		HideSolutionNode = FALSE
	EndGlobalSection
	GlobalSection(ExtensibilityGlobals) = postSolution
		SolutionGuid = {54A07409-EE78-4C4C-875E-34B930CA5CCF}
	EndGlobalSection
EndGlobal
